
Microsoft Visual Studio Solution File, Format Version 12.00
# Visual Studio Version 16
VisualStudioVersion = 16.0.32802.440
MinimumVisualStudioVersion = 10.0.40219.1
Project("{8BC9CEB8-8B4A-11D0-8D11-00A0C91BC942}") = "file-checker", "file-checker.vcxproj", "{FB5C78EB-C953-4B8E-A82E-75CB7D53C027}"
EndProject
Global
	GlobalSection(SolutionConfigurationPlatforms) = preSolution
		Debug|x64 = Debug|x64
		Debug|x86 = Debug|x86
		Release|x64 = Release|x64
		Release|x86 = Release|x86
	EndGlobalSection
	GlobalSection(ProjectConfigurationPlatforms) = postSolution
		{FB5C78EB-C953-4B8E-A82E-75CB7D53C027}.Debug|x64.ActiveCfg = Debug|x64
		{FB5C78EB-C953-4B8E-A82E-75CB7D53C027}.Debug|x64.Build.0 = Debug|x64
		{FB5C78EB-C953-4B8E-A82E-75CB7D53C027}.Debug|x86.ActiveCfg = Debug|Win32
		{FB5C78EB-C953-4B8E-A82E-75CB7D53C027}.Debug|x86.Build.0 = Debug|Win32
		{FB5C78EB-C953-4B8E-A82E-75CB7D53C027}.Release|x64.ActiveCfg = Release|x64
		{FB5C78EB-C953-4B8E-A82E-75CB7D53C027}.Release|x64.Build.0 = Release|x64
		{FB5C78EB-C953-4B8E-A82E-75CB7D53C027}.Release|x86.ActiveCfg = Release|Win32
		{FB5C78EB-C953-4B8E-A82E-75CB7D53C027}.Release|x86.Build.0 = Release|Win32
	EndGlobalSection
	GlobalSection(SolutionProperties) = preSolution
		HideSolutionNode = FALSE
	EndGlobalSection
	GlobalSection(ExtensibilityGlobals) = postSolution
		SolutionGuid = {02F9AC54-A6D0-4DD7-98D6-2D8BE5320498}
	EndGlobalSection
EndGlobal
